
Microsoft Visual Studio Solution File, Format Version 12.00
# Visual Studio Version 17
VisualStudioVersion = 17.1.32407.343
MinimumVisualStudioVersion = 10.0.40219.1
Project("{FAE04EC0-301F-11D3-BF4B-00C04F79EFBC}") = "LibraryManagementSoftware", "LibraryManagementSoftware\LibraryManagementSoftware.csproj", "{4C0062FE-0E85-44DA-A19A-D14EE45A0BF7}"
EndProject
Global
	GlobalSection(SolutionConfigurationPlatforms) = preSolution
		Debug|Any CPU = Debug|Any CPU
		Release|Any CPU = Release|Any CPU
	EndGlobalSection
	GlobalSection(ProjectConfigurationPlatforms) = postSolution
		{4C0062FE-0E85-44DA-A19A-D14EE45A0BF7}.Debug|Any CPU.ActiveCfg = Debug|Any CPU
		{4C0062FE-0E85-44DA-A19A-D14EE45A0BF7}.Debug|Any CPU.Build.0 = Debug|Any CPU
		{4C0062FE-0E85-44DA-A19A-D14EE45A0BF7}.Release|Any CPU.ActiveCfg = Release|Any CPU
		{4C0062FE-0E85-44DA-A19A-D14EE45A0BF7}.Release|Any CPU.Build.0 = Release|Any CPU
	EndGlobalSection
	GlobalSection(SolutionProperties) = preSolution
		HideSolutionNode = FALSE
	EndGlobalSection
	GlobalSection(ExtensibilityGlobals) = postSolution
		SolutionGuid = {FBE864F7-AE00-48F5-8604-3659AC7B8702}
	EndGlobalSection
EndGlobal
